
Microsoft Visual Studio Solution File, Format Version 11.00
# Visual C++ Express 2010
Project("{8BC9CEB8-8B4A-11D0-8D11-00A0C91BC942}") = "pacman", "pacman\pacman.vcxproj", "{73FCD6E3-D8E4-415C-B1E4-CDC207B8035D}"
EndProject
Global
	GlobalSection(SolutionConfigurationPlatforms) = preSolution
		Debug|Win32 = Debug|Win32
		Release|Win32 = Release|Win32
	EndGlobalSection
	GlobalSection(ProjectConfigurationPlatforms) = postSolution
		{73FCD6E3-D8E4-415C-B1E4-CDC207B8035D}.Debug|Win32.ActiveCfg = Debug|Win32
		{73FCD6E3-D8E4-415C-B1E4-CDC207B8035D}.Debug|Win32.Build.0 = Debug|Win32
		{73FCD6E3-D8E4-415C-B1E4-CDC207B8035D}.Release|Win32.ActiveCfg = Release|Win32
		{73FCD6E3-D8E4-415C-B1E4-CDC207B8035D}.Release|Win32.Build.0 = Release|Win32
	EndGlobalSection
	GlobalSection(SolutionProperties) = preSolution
		HideSolutionNode = FALSE
	EndGlobalSection
EndGlobal
